
Microsoft Visual Studio Solution File, Format Version 10.00
# Visual Studio 2008
Project("{FAE04EC0-301F-11D3-BF4B-00C04F79EFBC}") = "MyKadRunner", "MyKadRunner\MyKadRunner.csproj", "{006AB1B3-2E24-4E88-95D4-7799A4C7DCB5}"
EndProject
Project("{FAE04EC0-301F-11D3-BF4B-00C04F79EFBC}") = "myKad", "ClassLibrary1\myKad.csproj", "{37063525-D140-404F-AFAB-A85D55C12383}"
EndProject
Global
	GlobalSection(SolutionConfigurationPlatforms) = preSolution
		Debug|Any CPU = Debug|Any CPU
		Release|Any CPU = Release|Any CPU
	EndGlobalSection
	GlobalSection(ProjectConfigurationPlatforms) = postSolution
		{006AB1B3-2E24-4E88-95D4-7799A4C7DCB5}.Debug|Any CPU.ActiveCfg = Debug|Any CPU
		{006AB1B3-2E24-4E88-95D4-7799A4C7DCB5}.Debug|Any CPU.Build.0 = Debug|Any CPU
		{006AB1B3-2E24-4E88-95D4-7799A4C7DCB5}.Release|Any CPU.ActiveCfg = Release|Any CPU
		{006AB1B3-2E24-4E88-95D4-7799A4C7DCB5}.Release|Any CPU.Build.0 = Release|Any CPU
		{37063525-D140-404F-AFAB-A85D55C12383}.Debug|Any CPU.ActiveCfg = Debug|Any CPU
		{37063525-D140-404F-AFAB-A85D55C12383}.Debug|Any CPU.Build.0 = Debug|Any CPU
		{37063525-D140-404F-AFAB-A85D55C12383}.Release|Any CPU.ActiveCfg = Release|Any CPU
		{37063525-D140-404F-AFAB-A85D55C12383}.Release|Any CPU.Build.0 = Release|Any CPU
	EndGlobalSection
	GlobalSection(SolutionProperties) = preSolution
		HideSolutionNode = FALSE
	EndGlobalSection
EndGlobal
